
Microsoft Visual Studio Solution File, Format Version 12.00
# Visual Studio Version 17
VisualStudioVersion = 17.1.32228.430
MinimumVisualStudioVersion = 10.0.40219.1
Project("{888888A0-9F3D-457C-B088-3A5042F75D52}") = "Wyniki_wyborow", "Wyniki_wyborow\Wyniki_wyborow.pyproj", "{E659554B-75FE-4EA4-A815-61159AEEFD2C}"
EndProject
Global
	GlobalSection(SolutionConfigurationPlatforms) = preSolution
		Debug|Any CPU = Debug|Any CPU
		Release|Any CPU = Release|Any CPU
	EndGlobalSection
	GlobalSection(ProjectConfigurationPlatforms) = postSolution
		{E659554B-75FE-4EA4-A815-61159AEEFD2C}.Debug|Any CPU.ActiveCfg = Debug|Any CPU
		{E659554B-75FE-4EA4-A815-61159AEEFD2C}.Release|Any CPU.ActiveCfg = Release|Any CPU
	EndGlobalSection
	GlobalSection(SolutionProperties) = preSolution
		HideSolutionNode = FALSE
	EndGlobalSection
	GlobalSection(ExtensibilityGlobals) = postSolution
		SolutionGuid = {67488FD5-1666-4B4E-9FFC-3CBA0EA4F123}
	EndGlobalSection
EndGlobal
